
Microsoft Visual Studio Solution File, Format Version 12.00
# Visual Studio Version 17
Project("{8BC9CEB8-8B4A-11D0-8D11-00A0C91BC942}") = "ALL_BUILD", "ALL_BUILD.vcxproj", "{2E26E9B4-5D4A-362F-B484-D9B329A39DF2}"
	ProjectSection(ProjectDependencies) = postProject
		{E9AB4F2E-D31D-3ADD-89CD-D267823DA8E5} = {E9AB4F2E-D31D-3ADD-89CD-D267823DA8E5}
		{3F97A687-B1DA-3725-9E1A-0CBE2415F37F} = {3F97A687-B1DA-3725-9E1A-0CBE2415F37F}
		{37020DDA-9613-328E-92FC-5244757CDE1D} = {37020DDA-9613-328E-92FC-5244757CDE1D}
		{5509D142-1571-3542-B597-40E8F74B23BD} = {5509D142-1571-3542-B597-40E8F74B23BD}
		{6A4C09BF-3182-3043-AEB0-4F482C9DA657} = {6A4C09BF-3182-3043-AEB0-4F482C9DA657}
		{E43394C5-6561-3B33-A8D4-52BB59F82D72} = {E43394C5-6561-3B33-A8D4-52BB59F82D72}
		{49D42346-9053-3F54-826F-21837A610566} = {49D42346-9053-3F54-826F-21837A610566}
		{14FDEEDF-6D3C-3E06-AFC3-116CA026D2AE} = {14FDEEDF-6D3C-3E06-AFC3-116CA026D2AE}
		{7C3F882E-B4F0-3E1F-9712-CC0C762730AA} = {7C3F882E-B4F0-3E1F-9712-CC0C762730AA}
		{FAC10189-450D-390C-AEF5-A5BE88B80014} = {FAC10189-450D-390C-AEF5-A5BE88B80014}
		{2358CF27-D76F-39D1-ABEE-CC8866A70F1E} = {2358CF27-D76F-39D1-ABEE-CC8866A70F1E}
		{134F78DC-9D66-3121-9E9A-692905FD45D5} = {134F78DC-9D66-3121-9E9A-692905FD45D5}
		{A068EFBA-E5AA-3DCE-80F5-8F720ED40F44} = {A068EFBA-E5AA-3DCE-80F5-8F720ED40F44}
		{5CF17CA1-B057-3B64-944E-4B9497DB1E7A} = {5CF17CA1-B057-3B64-944E-4B9497DB1E7A}
		{06DA004E-830A-3855-BB5E-B56B0FCD1F59} = {06DA004E-830A-3855-BB5E-B56B0FCD1F59}
		{3E4D5640-0588-3209-8049-5C27A1502903} = {3E4D5640-0588-3209-8049-5C27A1502903}
		{7009C4FB-D6C0-37AE-9220-A0BE479BBA9C} = {7009C4FB-D6C0-37AE-9220-A0BE479BBA9C}
		{A0708B7A-7F0A-35F3-806E-F82C8DF6FD22} = {A0708B7A-7F0A-35F3-806E-F82C8DF6FD22}
		{F94B940E-8DC3-315C-9526-C3F938B4316A} = {F94B940E-8DC3-315C-9526-C3F938B4316A}
		{77DFB550-5D3E-3207-A420-D727206C7968} = {77DFB550-5D3E-3207-A420-D727206C7968}
		{EDCCC59F-D3DB-39FC-94F7-6945620AC13F} = {EDCCC59F-D3DB-39FC-94F7-6945620AC13F}
		{FF85DEB9-1A17-36F8-A99E-9712932A6B72} = {FF85DEB9-1A17-36F8-A99E-9712932A6B72}
		{03CD4D80-5D2B-3D35-9299-6EA58AA8D37E} = {03CD4D80-5D2B-3D35-9299-6EA58AA8D37E}
		{75984F7B-3CD6-3E0B-8773-26BDAD58F6DE} = {75984F7B-3CD6-3E0B-8773-26BDAD58F6DE}
		{366FB6A5-5F28-3310-965B-34F05223421D} = {366FB6A5-5F28-3310-965B-34F05223421D}
		{5E661A05-A887-3479-873D-E59CEA9FE3E5} = {5E661A05-A887-3479-873D-E59CEA9FE3E5}
		{1C002A0A-AB1C-3A08-BCE1-CD445C1AFFFF} = {1C002A0A-AB1C-3A08-BCE1-CD445C1AFFFF}
		{2C39DDFD-8310-326C-946C-677E3C174683} = {2C39DDFD-8310-326C-946C-677E3C174683}
		{337BB160-9B04-337C-BFCF-57CAE828E05B} = {337BB160-9B04-337C-BFCF-57CAE828E05B}
		{F8EDB817-AA17-3A2E-AD5C-E851A56F6EB0} = {F8EDB817-AA17-3A2E-AD5C-E851A56F6EB0}
		{DD2F3A9F-2EBF-358D-80E7-CED1E47111BC} = {DD2F3A9F-2EBF-358D-80E7-CED1E47111BC}
		{E1D14960-5479-3B08-AEF3-1CB7DD5BF7DD} = {E1D14960-5479-3B08-AEF3-1CB7DD5BF7DD}
		{9C5A8D49-CD28-320B-8492-CCBCEFADE9BA} = {9C5A8D49-CD28-320B-8492-CCBCEFADE9BA}
		{D299087C-8197-3668-9B1A-329451043623} = {D299087C-8197-3668-9B1A-329451043623}
		{C435F2EC-757F-3C9E-A2A2-3DDFDA981075} = {C435F2EC-757F-3C9E-A2A2-3DDFDA981075}
		{2B03F35C-6560-35B8-945A-D8ADA344E05C} = {2B03F35C-6560-35B8-945A-D8ADA344E05C}
		{852CF480-49B8-3196-B3D1-67E0087912EE} = {852CF480-49B8-3196-B3D1-67E0087912EE}
	EndProjectSection
EndProject
Project("{8BC9CEB8-8B4A-11D0-8D11-00A0C91BC942}") = "3dview", "3dview.vcxproj", "{E9AB4F2E-D31D-3ADD-89CD-D267823DA8E5}"
	ProjectSection(ProjectDependencies) = postProject
		{A068EFBA-E5AA-3DCE-80F5-8F720ED40F44} = {A068EFBA-E5AA-3DCE-80F5-8F720ED40F44}
		{5CF17CA1-B057-3B64-944E-4B9497DB1E7A} = {5CF17CA1-B057-3B64-944E-4B9497DB1E7A}
	EndProjectSection
EndProject
Project("{8BC9CEB8-8B4A-11D0-8D11-00A0C91BC942}") = "3dview_static", "3dview_static.vcxproj", "{3F97A687-B1DA-3725-9E1A-0CBE2415F37F}"
	ProjectSection(ProjectDependencies) = postProject
		{A068EFBA-E5AA-3DCE-80F5-8F720ED40F44} = {A068EFBA-E5AA-3DCE-80F5-8F720ED40F44}
		{06DA004E-830A-3855-BB5E-B56B0FCD1F59} = {06DA004E-830A-3855-BB5E-B56B0FCD1F59}
	EndProjectSection
EndProject
Project("{8BC9CEB8-8B4A-11D0-8D11-00A0C91BC942}") = "CallbackMaker", "CallbackMaker.vcxproj", "{37020DDA-9613-328E-92FC-5244757CDE1D}"
	ProjectSection(ProjectDependencies) = postProject
		{A068EFBA-E5AA-3DCE-80F5-8F720ED40F44} = {A068EFBA-E5AA-3DCE-80F5-8F720ED40F44}
		{5CF17CA1-B057-3B64-944E-4B9497DB1E7A} = {5CF17CA1-B057-3B64-944E-4B9497DB1E7A}
	EndProjectSection
EndProject
Project("{8BC9CEB8-8B4A-11D0-8D11-00A0C91BC942}") = "CallbackMaker_static", "CallbackMaker_static.vcxproj", "{5509D142-1571-3542-B597-40E8F74B23BD}"
	ProjectSection(ProjectDependencies) = postProject
		{A068EFBA-E5AA-3DCE-80F5-8F720ED40F44} = {A068EFBA-E5AA-3DCE-80F5-8F720ED40F44}
		{06DA004E-830A-3855-BB5E-B56B0FCD1F59} = {06DA004E-830A-3855-BB5E-B56B0FCD1F59}
	EndProjectSection
EndProject
Project("{8BC9CEB8-8B4A-11D0-8D11-00A0C91BC942}") = "Fractals", "Fractals.vcxproj", "{6A4C09BF-3182-3043-AEB0-4F482C9DA657}"
	ProjectSection(ProjectDependencies) = postProject
		{A068EFBA-E5AA-3DCE-80F5-8F720ED40F44} = {A068EFBA-E5AA-3DCE-80F5-8F720ED40F44}
		{5CF17CA1-B057-3B64-944E-4B9497DB1E7A} = {5CF17CA1-B057-3B64-944E-4B9497DB1E7A}
	EndProjectSection
EndProject
Project("{8BC9CEB8-8B4A-11D0-8D11-00A0C91BC942}") = "Fractals_random", "Fractals_random.vcxproj", "{E43394C5-6561-3B33-A8D4-52BB59F82D72}"
	ProjectSection(ProjectDependencies) = postProject
		{A068EFBA-E5AA-3DCE-80F5-8F720ED40F44} = {A068EFBA-E5AA-3DCE-80F5-8F720ED40F44}
		{5CF17CA1-B057-3B64-944E-4B9497DB1E7A} = {5CF17CA1-B057-3B64-944E-4B9497DB1E7A}
	EndProjectSection
EndProject
Project("{8BC9CEB8-8B4A-11D0-8D11-00A0C91BC942}") = "Fractals_random_static", "Fractals_random_static.vcxproj", "{49D42346-9053-3F54-826F-21837A610566}"
	ProjectSection(ProjectDependencies) = postProject
		{A068EFBA-E5AA-3DCE-80F5-8F720ED40F44} = {A068EFBA-E5AA-3DCE-80F5-8F720ED40F44}
		{06DA004E-830A-3855-BB5E-B56B0FCD1F59} = {06DA004E-830A-3855-BB5E-B56B0FCD1F59}
	EndProjectSection
EndProject
Project("{8BC9CEB8-8B4A-11D0-8D11-00A0C91BC942}") = "Fractals_static", "Fractals_static.vcxproj", "{14FDEEDF-6D3C-3E06-AFC3-116CA026D2AE}"
	ProjectSection(ProjectDependencies) = postProject
		{A068EFBA-E5AA-3DCE-80F5-8F720ED40F44} = {A068EFBA-E5AA-3DCE-80F5-8F720ED40F44}
		{06DA004E-830A-3855-BB5E-B56B0FCD1F59} = {06DA004E-830A-3855-BB5E-B56B0FCD1F59}
	EndProjectSection
EndProject
Project("{8BC9CEB8-8B4A-11D0-8D11-00A0C91BC942}") = "INSTALL", "INSTALL.vcxproj", "{A0B9D33C-CD10-35C7-8CEB-61F12DC092FD}"
	ProjectSection(ProjectDependencies) = postProject
		{2E26E9B4-5D4A-362F-B484-D9B329A39DF2} = {2E26E9B4-5D4A-362F-B484-D9B329A39DF2}
		{A068EFBA-E5AA-3DCE-80F5-8F720ED40F44} = {A068EFBA-E5AA-3DCE-80F5-8F720ED40F44}
	EndProjectSection
EndProject
Project("{8BC9CEB8-8B4A-11D0-8D11-00A0C91BC942}") = "Lorenz", "Lorenz.vcxproj", "{7C3F882E-B4F0-3E1F-9712-CC0C762730AA}"
	ProjectSection(ProjectDependencies) = postProject
		{A068EFBA-E5AA-3DCE-80F5-8F720ED40F44} = {A068EFBA-E5AA-3DCE-80F5-8F720ED40F44}
		{5CF17CA1-B057-3B64-944E-4B9497DB1E7A} = {5CF17CA1-B057-3B64-944E-4B9497DB1E7A}
	EndProjectSection
EndProject
Project("{8BC9CEB8-8B4A-11D0-8D11-00A0C91BC942}") = "Lorenz_static", "Lorenz_static.vcxproj", "{FAC10189-450D-390C-AEF5-A5BE88B80014}"
	ProjectSection(ProjectDependencies) = postProject
		{A068EFBA-E5AA-3DCE-80F5-8F720ED40F44} = {A068EFBA-E5AA-3DCE-80F5-8F720ED40F44}
		{06DA004E-830A-3855-BB5E-B56B0FCD1F59} = {06DA004E-830A-3855-BB5E-B56B0FCD1F59}
	EndProjectSection
EndProject
Project("{8BC9CEB8-8B4A-11D0-8D11-00A0C91BC942}") = "One", "One.vcxproj", "{2358CF27-D76F-39D1-ABEE-CC8866A70F1E}"
	ProjectSection(ProjectDependencies) = postProject
		{A068EFBA-E5AA-3DCE-80F5-8F720ED40F44} = {A068EFBA-E5AA-3DCE-80F5-8F720ED40F44}
		{5CF17CA1-B057-3B64-944E-4B9497DB1E7A} = {5CF17CA1-B057-3B64-944E-4B9497DB1E7A}
	EndProjectSection
EndProject
Project("{8BC9CEB8-8B4A-11D0-8D11-00A0C91BC942}") = "One_static", "One_static.vcxproj", "{134F78DC-9D66-3121-9E9A-692905FD45D5}"
	ProjectSection(ProjectDependencies) = postProject
		{A068EFBA-E5AA-3DCE-80F5-8F720ED40F44} = {A068EFBA-E5AA-3DCE-80F5-8F720ED40F44}
		{06DA004E-830A-3855-BB5E-B56B0FCD1F59} = {06DA004E-830A-3855-BB5E-B56B0FCD1F59}
	EndProjectSection
EndProject
Project("{8BC9CEB8-8B4A-11D0-8D11-00A0C91BC942}") = "ZERO_CHECK", "ZERO_CHECK.vcxproj", "{A068EFBA-E5AA-3DCE-80F5-8F720ED40F44}"
	ProjectSection(ProjectDependencies) = postProject
	EndProjectSection
EndProject
Project("{8BC9CEB8-8B4A-11D0-8D11-00A0C91BC942}") = "freeglut", "freeglut.vcxproj", "{5CF17CA1-B057-3B64-944E-4B9497DB1E7A}"
	ProjectSection(ProjectDependencies) = postProject
		{A068EFBA-E5AA-3DCE-80F5-8F720ED40F44} = {A068EFBA-E5AA-3DCE-80F5-8F720ED40F44}
	EndProjectSection
EndProject
Project("{8BC9CEB8-8B4A-11D0-8D11-00A0C91BC942}") = "freeglut_static", "freeglut_static.vcxproj", "{06DA004E-830A-3855-BB5E-B56B0FCD1F59}"
	ProjectSection(ProjectDependencies) = postProject
		{A068EFBA-E5AA-3DCE-80F5-8F720ED40F44} = {A068EFBA-E5AA-3DCE-80F5-8F720ED40F44}
	EndProjectSection
EndProject
Project("{8BC9CEB8-8B4A-11D0-8D11-00A0C91BC942}") = "indexed_color", "indexed_color.vcxproj", "{3E4D5640-0588-3209-8049-5C27A1502903}"
	ProjectSection(ProjectDependencies) = postProject
		{A068EFBA-E5AA-3DCE-80F5-8F720ED40F44} = {A068EFBA-E5AA-3DCE-80F5-8F720ED40F44}
		{5CF17CA1-B057-3B64-944E-4B9497DB1E7A} = {5CF17CA1-B057-3B64-944E-4B9497DB1E7A}
	EndProjectSection
EndProject
Project("{8BC9CEB8-8B4A-11D0-8D11-00A0C91BC942}") = "indexed_color_static", "indexed_color_static.vcxproj", "{7009C4FB-D6C0-37AE-9220-A0BE479BBA9C}"
	ProjectSection(ProjectDependencies) = postProject
		{A068EFBA-E5AA-3DCE-80F5-8F720ED40F44} = {A068EFBA-E5AA-3DCE-80F5-8F720ED40F44}
		{06DA004E-830A-3855-BB5E-B56B0FCD1F59} = {06DA004E-830A-3855-BB5E-B56B0FCD1F59}
	EndProjectSection
EndProject
Project("{8BC9CEB8-8B4A-11D0-8D11-00A0C91BC942}") = "joystick", "joystick.vcxproj", "{A0708B7A-7F0A-35F3-806E-F82C8DF6FD22}"
	ProjectSection(ProjectDependencies) = postProject
		{A068EFBA-E5AA-3DCE-80F5-8F720ED40F44} = {A068EFBA-E5AA-3DCE-80F5-8F720ED40F44}
		{5CF17CA1-B057-3B64-944E-4B9497DB1E7A} = {5CF17CA1-B057-3B64-944E-4B9497DB1E7A}
	EndProjectSection
EndProject
Project("{8BC9CEB8-8B4A-11D0-8D11-00A0C91BC942}") = "joystick_static", "joystick_static.vcxproj", "{F94B940E-8DC3-315C-9526-C3F938B4316A}"
	ProjectSection(ProjectDependencies) = postProject
		{A068EFBA-E5AA-3DCE-80F5-8F720ED40F44} = {A068EFBA-E5AA-3DCE-80F5-8F720ED40F44}
		{06DA004E-830A-3855-BB5E-B56B0FCD1F59} = {06DA004E-830A-3855-BB5E-B56B0FCD1F59}
	EndProjectSection
EndProject
Project("{8BC9CEB8-8B4A-11D0-8D11-00A0C91BC942}") = "keyboard", "keyboard.vcxproj", "{77DFB550-5D3E-3207-A420-D727206C7968}"
	ProjectSection(ProjectDependencies) = postProject
		{A068EFBA-E5AA-3DCE-80F5-8F720ED40F44} = {A068EFBA-E5AA-3DCE-80F5-8F720ED40F44}
		{5CF17CA1-B057-3B64-944E-4B9497DB1E7A} = {5CF17CA1-B057-3B64-944E-4B9497DB1E7A}
	EndProjectSection
EndProject
Project("{8BC9CEB8-8B4A-11D0-8D11-00A0C91BC942}") = "keyboard_static", "keyboard_static.vcxproj", "{EDCCC59F-D3DB-39FC-94F7-6945620AC13F}"
	ProjectSection(ProjectDependencies) = postProject
		{A068EFBA-E5AA-3DCE-80F5-8F720ED40F44} = {A068EFBA-E5AA-3DCE-80F5-8F720ED40F44}
		{06DA004E-830A-3855-BB5E-B56B0FCD1F59} = {06DA004E-830A-3855-BB5E-B56B0FCD1F59}
	EndProjectSection
EndProject
Project("{8BC9CEB8-8B4A-11D0-8D11-00A0C91BC942}") = "multi-touch", "multi-touch.vcxproj", "{FF85DEB9-1A17-36F8-A99E-9712932A6B72}"
	ProjectSection(ProjectDependencies) = postProject
		{A068EFBA-E5AA-3DCE-80F5-8F720ED40F44} = {A068EFBA-E5AA-3DCE-80F5-8F720ED40F44}
		{5CF17CA1-B057-3B64-944E-4B9497DB1E7A} = {5CF17CA1-B057-3B64-944E-4B9497DB1E7A}
	EndProjectSection
EndProject
Project("{8BC9CEB8-8B4A-11D0-8D11-00A0C91BC942}") = "multi-touch_static", "multi-touch_static.vcxproj", "{03CD4D80-5D2B-3D35-9299-6EA58AA8D37E}"
	ProjectSection(ProjectDependencies) = postProject
		{A068EFBA-E5AA-3DCE-80F5-8F720ED40F44} = {A068EFBA-E5AA-3DCE-80F5-8F720ED40F44}
		{06DA004E-830A-3855-BB5E-B56B0FCD1F59} = {06DA004E-830A-3855-BB5E-B56B0FCD1F59}
	EndProjectSection
EndProject
Project("{8BC9CEB8-8B4A-11D0-8D11-00A0C91BC942}") = "resizer", "resizer.vcxproj", "{75984F7B-3CD6-3E0B-8773-26BDAD58F6DE}"
	ProjectSection(ProjectDependencies) = postProject
		{A068EFBA-E5AA-3DCE-80F5-8F720ED40F44} = {A068EFBA-E5AA-3DCE-80F5-8F720ED40F44}
		{5CF17CA1-B057-3B64-944E-4B9497DB1E7A} = {5CF17CA1-B057-3B64-944E-4B9497DB1E7A}
	EndProjectSection
EndProject
Project("{8BC9CEB8-8B4A-11D0-8D11-00A0C91BC942}") = "resizer_static", "resizer_static.vcxproj", "{366FB6A5-5F28-3310-965B-34F05223421D}"
	ProjectSection(ProjectDependencies) = postProject
		{A068EFBA-E5AA-3DCE-80F5-8F720ED40F44} = {A068EFBA-E5AA-3DCE-80F5-8F720ED40F44}
		{06DA004E-830A-3855-BB5E-B56B0FCD1F59} = {06DA004E-830A-3855-BB5E-B56B0FCD1F59}
	EndProjectSection
EndProject
Project("{8BC9CEB8-8B4A-11D0-8D11-00A0C91BC942}") = "shapes", "shapes.vcxproj", "{5E661A05-A887-3479-873D-E59CEA9FE3E5}"
	ProjectSection(ProjectDependencies) = postProject
		{A068EFBA-E5AA-3DCE-80F5-8F720ED40F44} = {A068EFBA-E5AA-3DCE-80F5-8F720ED40F44}
		{5CF17CA1-B057-3B64-944E-4B9497DB1E7A} = {5CF17CA1-B057-3B64-944E-4B9497DB1E7A}
	EndProjectSection
EndProject
Project("{8BC9CEB8-8B4A-11D0-8D11-00A0C91BC942}") = "shapes_static", "shapes_static.vcxproj", "{1C002A0A-AB1C-3A08-BCE1-CD445C1AFFFF}"
	ProjectSection(ProjectDependencies) = postProject
		{A068EFBA-E5AA-3DCE-80F5-8F720ED40F44} = {A068EFBA-E5AA-3DCE-80F5-8F720ED40F44}
		{06DA004E-830A-3855-BB5E-B56B0FCD1F59} = {06DA004E-830A-3855-BB5E-B56B0FCD1F59}
	EndProjectSection
EndProject
Project("{8BC9CEB8-8B4A-11D0-8D11-00A0C91BC942}") = "smooth_opengl3", "smooth_opengl3.vcxproj", "{2C39DDFD-8310-326C-946C-677E3C174683}"
	ProjectSection(ProjectDependencies) = postProject
		{A068EFBA-E5AA-3DCE-80F5-8F720ED40F44} = {A068EFBA-E5AA-3DCE-80F5-8F720ED40F44}
		{5CF17CA1-B057-3B64-944E-4B9497DB1E7A} = {5CF17CA1-B057-3B64-944E-4B9497DB1E7A}
	EndProjectSection
EndProject
Project("{8BC9CEB8-8B4A-11D0-8D11-00A0C91BC942}") = "smooth_opengl3_static", "smooth_opengl3_static.vcxproj", "{337BB160-9B04-337C-BFCF-57CAE828E05B}"
	ProjectSection(ProjectDependencies) = postProject
		{A068EFBA-E5AA-3DCE-80F5-8F720ED40F44} = {A068EFBA-E5AA-3DCE-80F5-8F720ED40F44}
		{06DA004E-830A-3855-BB5E-B56B0FCD1F59} = {06DA004E-830A-3855-BB5E-B56B0FCD1F59}
	EndProjectSection
EndProject
Project("{8BC9CEB8-8B4A-11D0-8D11-00A0C91BC942}") = "spaceball", "spaceball.vcxproj", "{F8EDB817-AA17-3A2E-AD5C-E851A56F6EB0}"
	ProjectSection(ProjectDependencies) = postProject
		{A068EFBA-E5AA-3DCE-80F5-8F720ED40F44} = {A068EFBA-E5AA-3DCE-80F5-8F720ED40F44}
		{5CF17CA1-B057-3B64-944E-4B9497DB1E7A} = {5CF17CA1-B057-3B64-944E-4B9497DB1E7A}
	EndProjectSection
EndProject
Project("{8BC9CEB8-8B4A-11D0-8D11-00A0C91BC942}") = "spaceball_static", "spaceball_static.vcxproj", "{DD2F3A9F-2EBF-358D-80E7-CED1E47111BC}"
	ProjectSection(ProjectDependencies) = postProject
		{A068EFBA-E5AA-3DCE-80F5-8F720ED40F44} = {A068EFBA-E5AA-3DCE-80F5-8F720ED40F44}
		{06DA004E-830A-3855-BB5E-B56B0FCD1F59} = {06DA004E-830A-3855-BB5E-B56B0FCD1F59}
	EndProjectSection
EndProject
Project("{8BC9CEB8-8B4A-11D0-8D11-00A0C91BC942}") = "subwin", "subwin.vcxproj", "{E1D14960-5479-3B08-AEF3-1CB7DD5BF7DD}"
	ProjectSection(ProjectDependencies) = postProject
		{A068EFBA-E5AA-3DCE-80F5-8F720ED40F44} = {A068EFBA-E5AA-3DCE-80F5-8F720ED40F44}
		{5CF17CA1-B057-3B64-944E-4B9497DB1E7A} = {5CF17CA1-B057-3B64-944E-4B9497DB1E7A}
	EndProjectSection
EndProject
Project("{8BC9CEB8-8B4A-11D0-8D11-00A0C91BC942}") = "subwin_static", "subwin_static.vcxproj", "{9C5A8D49-CD28-320B-8492-CCBCEFADE9BA}"
	ProjectSection(ProjectDependencies) = postProject
		{A068EFBA-E5AA-3DCE-80F5-8F720ED40F44} = {A068EFBA-E5AA-3DCE-80F5-8F720ED40F44}
		{06DA004E-830A-3855-BB5E-B56B0FCD1F59} = {06DA004E-830A-3855-BB5E-B56B0FCD1F59}
	EndProjectSection
EndProject
Project("{8BC9CEB8-8B4A-11D0-8D11-00A0C91BC942}") = "timer", "timer.vcxproj", "{D299087C-8197-3668-9B1A-329451043623}"
	ProjectSection(ProjectDependencies) = postProject
		{A068EFBA-E5AA-3DCE-80F5-8F720ED40F44} = {A068EFBA-E5AA-3DCE-80F5-8F720ED40F44}
		{5CF17CA1-B057-3B64-944E-4B9497DB1E7A} = {5CF17CA1-B057-3B64-944E-4B9497DB1E7A}
	EndProjectSection
EndProject
Project("{8BC9CEB8-8B4A-11D0-8D11-00A0C91BC942}") = "timer_callback", "timer_callback.vcxproj", "{C435F2EC-757F-3C9E-A2A2-3DDFDA981075}"
	ProjectSection(ProjectDependencies) = postProject
		{A068EFBA-E5AA-3DCE-80F5-8F720ED40F44} = {A068EFBA-E5AA-3DCE-80F5-8F720ED40F44}
		{5CF17CA1-B057-3B64-944E-4B9497DB1E7A} = {5CF17CA1-B057-3B64-944E-4B9497DB1E7A}
	EndProjectSection
EndProject
Project("{8BC9CEB8-8B4A-11D0-8D11-00A0C91BC942}") = "timer_callback_static", "timer_callback_static.vcxproj", "{2B03F35C-6560-35B8-945A-D8ADA344E05C}"
	ProjectSection(ProjectDependencies) = postProject
		{A068EFBA-E5AA-3DCE-80F5-8F720ED40F44} = {A068EFBA-E5AA-3DCE-80F5-8F720ED40F44}
		{06DA004E-830A-3855-BB5E-B56B0FCD1F59} = {06DA004E-830A-3855-BB5E-B56B0FCD1F59}
	EndProjectSection
EndProject
Project("{8BC9CEB8-8B4A-11D0-8D11-00A0C91BC942}") = "timer_static", "timer_static.vcxproj", "{852CF480-49B8-3196-B3D1-67E0087912EE}"
	ProjectSection(ProjectDependencies) = postProject
		{A068EFBA-E5AA-3DCE-80F5-8F720ED40F44} = {A068EFBA-E5AA-3DCE-80F5-8F720ED40F44}
		{06DA004E-830A-3855-BB5E-B56B0FCD1F59} = {06DA004E-830A-3855-BB5E-B56B0FCD1F59}
	EndProjectSection
EndProject
Global
	GlobalSection(SolutionConfigurationPlatforms) = preSolution
		Debug|x64 = Debug|x64
		Release|x64 = Release|x64
		MinSizeRel|x64 = MinSizeRel|x64
		RelWithDebInfo|x64 = RelWithDebInfo|x64
	EndGlobalSection
	GlobalSection(ProjectConfigurationPlatforms) = postSolution
		{2E26E9B4-5D4A-362F-B484-D9B329A39DF2}.Debug|x64.ActiveCfg = Debug|x64
		{2E26E9B4-5D4A-362F-B484-D9B329A39DF2}.Debug|x64.Build.0 = Debug|x64
		{2E26E9B4-5D4A-362F-B484-D9B329A39DF2}.Release|x64.ActiveCfg = Release|x64
		{2E26E9B4-5D4A-362F-B484-D9B329A39DF2}.Release|x64.Build.0 = Release|x64
		{2E26E9B4-5D4A-362F-B484-D9B329A39DF2}.MinSizeRel|x64.ActiveCfg = MinSizeRel|x64
		{2E26E9B4-5D4A-362F-B484-D9B329A39DF2}.MinSizeRel|x64.Build.0 = MinSizeRel|x64
		{2E26E9B4-5D4A-362F-B484-D9B329A39DF2}.RelWithDebInfo|x64.ActiveCfg = RelWithDebInfo|x64
		{2E26E9B4-5D4A-362F-B484-D9B329A39DF2}.RelWithDebInfo|x64.Build.0 = RelWithDebInfo|x64
		{E9AB4F2E-D31D-3ADD-89CD-D267823DA8E5}.Debug|x64.ActiveCfg = Debug|x64
		{E9AB4F2E-D31D-3ADD-89CD-D267823DA8E5}.Debug|x64.Build.0 = Debug|x64
		{E9AB4F2E-D31D-3ADD-89CD-D267823DA8E5}.Release|x64.ActiveCfg = Release|x64
		{E9AB4F2E-D31D-3ADD-89CD-D267823DA8E5}.Release|x64.Build.0 = Release|x64
		{E9AB4F2E-D31D-3ADD-89CD-D267823DA8E5}.MinSizeRel|x64.ActiveCfg = MinSizeRel|x64
		{E9AB4F2E-D31D-3ADD-89CD-D267823DA8E5}.MinSizeRel|x64.Build.0 = MinSizeRel|x64
		{E9AB4F2E-D31D-3ADD-89CD-D267823DA8E5}.RelWithDebInfo|x64.ActiveCfg = RelWithDebInfo|x64
		{E9AB4F2E-D31D-3ADD-89CD-D267823DA8E5}.RelWithDebInfo|x64.Build.0 = RelWithDebInfo|x64
		{3F97A687-B1DA-3725-9E1A-0CBE2415F37F}.Debug|x64.ActiveCfg = Debug|x64
		{3F97A687-B1DA-3725-9E1A-0CBE2415F37F}.Debug|x64.Build.0 = Debug|x64
		{3F97A687-B1DA-3725-9E1A-0CBE2415F37F}.Release|x64.ActiveCfg = Release|x64
		{3F97A687-B1DA-3725-9E1A-0CBE2415F37F}.Release|x64.Build.0 = Release|x64
		{3F97A687-B1DA-3725-9E1A-0CBE2415F37F}.MinSizeRel|x64.ActiveCfg = MinSizeRel|x64
		{3F97A687-B1DA-3725-9E1A-0CBE2415F37F}.MinSizeRel|x64.Build.0 = MinSizeRel|x64
		{3F97A687-B1DA-3725-9E1A-0CBE2415F37F}.RelWithDebInfo|x64.ActiveCfg = RelWithDebInfo|x64
		{3F97A687-B1DA-3725-9E1A-0CBE2415F37F}.RelWithDebInfo|x64.Build.0 = RelWithDebInfo|x64
		{37020DDA-9613-328E-92FC-5244757CDE1D}.Debug|x64.ActiveCfg = Debug|x64
		{37020DDA-9613-328E-92FC-5244757CDE1D}.Debug|x64.Build.0 = Debug|x64
		{37020DDA-9613-328E-92FC-5244757CDE1D}.Release|x64.ActiveCfg = Release|x64
		{37020DDA-9613-328E-92FC-5244757CDE1D}.Release|x64.Build.0 = Release|x64
		{37020DDA-9613-328E-92FC-5244757CDE1D}.MinSizeRel|x64.ActiveCfg = MinSizeRel|x64
		{37020DDA-9613-328E-92FC-5244757CDE1D}.MinSizeRel|x64.Build.0 = MinSizeRel|x64
		{37020DDA-9613-328E-92FC-5244757CDE1D}.RelWithDebInfo|x64.ActiveCfg = RelWithDebInfo|x64
		{37020DDA-9613-328E-92FC-5244757CDE1D}.RelWithDebInfo|x64.Build.0 = RelWithDebInfo|x64
		{5509D142-1571-3542-B597-40E8F74B23BD}.Debug|x64.ActiveCfg = Debug|x64
		{5509D142-1571-3542-B597-40E8F74B23BD}.Debug|x64.Build.0 = Debug|x64
		{5509D142-1571-3542-B597-40E8F74B23BD}.Release|x64.ActiveCfg = Release|x64
		{5509D142-1571-3542-B597-40E8F74B23BD}.Release|x64.Build.0 = Release|x64
		{5509D142-1571-3542-B597-40E8F74B23BD}.MinSizeRel|x64.ActiveCfg = MinSizeRel|x64
		{5509D142-1571-3542-B597-40E8F74B23BD}.MinSizeRel|x64.Build.0 = MinSizeRel|x64
		{5509D142-1571-3542-B597-40E8F74B23BD}.RelWithDebInfo|x64.ActiveCfg = RelWithDebInfo|x64
		{5509D142-1571-3542-B597-40E8F74B23BD}.RelWithDebInfo|x64.Build.0 = RelWithDebInfo|x64
		{6A4C09BF-3182-3043-AEB0-4F482C9DA657}.Debug|x64.ActiveCfg = Debug|x64
		{6A4C09BF-3182-3043-AEB0-4F482C9DA657}.Debug|x64.Build.0 = Debug|x64
		{6A4C09BF-3182-3043-AEB0-4F482C9DA657}.Release|x64.ActiveCfg = Release|x64
		{6A4C09BF-3182-3043-AEB0-4F482C9DA657}.Release|x64.Build.0 = Release|x64
		{6A4C09BF-3182-3043-AEB0-4F482C9DA657}.MinSizeRel|x64.ActiveCfg = MinSizeRel|x64
		{6A4C09BF-3182-3043-AEB0-4F482C9DA657}.MinSizeRel|x64.Build.0 = MinSizeRel|x64
		{6A4C09BF-3182-3043-AEB0-4F482C9DA657}.RelWithDebInfo|x64.ActiveCfg = RelWithDebInfo|x64
		{6A4C09BF-3182-3043-AEB0-4F482C9DA657}.RelWithDebInfo|x64.Build.0 = RelWithDebInfo|x64
		{E43394C5-6561-3B33-A8D4-52BB59F82D72}.Debug|x64.ActiveCfg = Debug|x64
		{E43394C5-6561-3B33-A8D4-52BB59F82D72}.Debug|x64.Build.0 = Debug|x64
		{E43394C5-6561-3B33-A8D4-52BB59F82D72}.Release|x64.ActiveCfg = Release|x64
		{E43394C5-6561-3B33-A8D4-52BB59F82D72}.Release|x64.Build.0 = Release|x64
		{E43394C5-6561-3B33-A8D4-52BB59F82D72}.MinSizeRel|x64.ActiveCfg = MinSizeRel|x64
		{E43394C5-6561-3B33-A8D4-52BB59F82D72}.MinSizeRel|x64.Build.0 = MinSizeRel|x64
		{E43394C5-6561-3B33-A8D4-52BB59F82D72}.RelWithDebInfo|x64.ActiveCfg = RelWithDebInfo|x64
		{E43394C5-6561-3B33-A8D4-52BB59F82D72}.RelWithDebInfo|x64.Build.0 = RelWithDebInfo|x64
		{49D42346-9053-3F54-826F-21837A610566}.Debug|x64.ActiveCfg = Debug|x64
		{49D42346-9053-3F54-826F-21837A610566}.Debug|x64.Build.0 = Debug|x64
		{49D42346-9053-3F54-826F-21837A610566}.Release|x64.ActiveCfg = Release|x64
		{49D42346-9053-3F54-826F-21837A610566}.Release|x64.Build.0 = Release|x64
		{49D42346-9053-3F54-826F-21837A610566}.MinSizeRel|x64.ActiveCfg = MinSizeRel|x64
		{49D42346-9053-3F54-826F-21837A610566}.MinSizeRel|x64.Build.0 = MinSizeRel|x64
		{49D42346-9053-3F54-826F-21837A610566}.RelWithDebInfo|x64.ActiveCfg = RelWithDebInfo|x64
		{49D42346-9053-3F54-826F-21837A610566}.RelWithDebInfo|x64.Build.0 = RelWithDebInfo|x64
		{14FDEEDF-6D3C-3E06-AFC3-116CA026D2AE}.Debug|x64.ActiveCfg = Debug|x64
		{14FDEEDF-6D3C-3E06-AFC3-116CA026D2AE}.Debug|x64.Build.0 = Debug|x64
		{14FDEEDF-6D3C-3E06-AFC3-116CA026D2AE}.Release|x64.ActiveCfg = Release|x64
		{14FDEEDF-6D3C-3E06-AFC3-116CA026D2AE}.Release|x64.Build.0 = Release|x64
		{14FDEEDF-6D3C-3E06-AFC3-116CA026D2AE}.MinSizeRel|x64.ActiveCfg = MinSizeRel|x64
		{14FDEEDF-6D3C-3E06-AFC3-116CA026D2AE}.MinSizeRel|x64.Build.0 = MinSizeRel|x64
		{14FDEEDF-6D3C-3E06-AFC3-116CA026D2AE}.RelWithDebInfo|x64.ActiveCfg = RelWithDebInfo|x64
		{14FDEEDF-6D3C-3E06-AFC3-116CA026D2AE}.RelWithDebInfo|x64.Build.0 = RelWithDebInfo|x64
		{A0B9D33C-CD10-35C7-8CEB-61F12DC092FD}.Debug|x64.ActiveCfg = Debug|x64
		{A0B9D33C-CD10-35C7-8CEB-61F12DC092FD}.Release|x64.ActiveCfg = Release|x64
		{A0B9D33C-CD10-35C7-8CEB-61F12DC092FD}.MinSizeRel|x64.ActiveCfg = MinSizeRel|x64
		{A0B9D33C-CD10-35C7-8CEB-61F12DC092FD}.RelWithDebInfo|x64.ActiveCfg = RelWithDebInfo|x64
		{7C3F882E-B4F0-3E1F-9712-CC0C762730AA}.Debug|x64.ActiveCfg = Debug|x64
		{7C3F882E-B4F0-3E1F-9712-CC0C762730AA}.Debug|x64.Build.0 = Debug|x64
		{7C3F882E-B4F0-3E1F-9712-CC0C762730AA}.Release|x64.ActiveCfg = Release|x64
		{7C3F882E-B4F0-3E1F-9712-CC0C762730AA}.Release|x64.Build.0 = Release|x64
		{7C3F882E-B4F0-3E1F-9712-CC0C762730AA}.MinSizeRel|x64.ActiveCfg = MinSizeRel|x64
		{7C3F882E-B4F0-3E1F-9712-CC0C762730AA}.MinSizeRel|x64.Build.0 = MinSizeRel|x64
		{7C3F882E-B4F0-3E1F-9712-CC0C762730AA}.RelWithDebInfo|x64.ActiveCfg = RelWithDebInfo|x64
		{7C3F882E-B4F0-3E1F-9712-CC0C762730AA}.RelWithDebInfo|x64.Build.0 = RelWithDebInfo|x64
		{FAC10189-450D-390C-AEF5-A5BE88B80014}.Debug|x64.ActiveCfg = Debug|x64
		{FAC10189-450D-390C-AEF5-A5BE88B80014}.Debug|x64.Build.0 = Debug|x64
		{FAC10189-450D-390C-AEF5-A5BE88B80014}.Release|x64.ActiveCfg = Release|x64
		{FAC10189-450D-390C-AEF5-A5BE88B80014}.Release|x64.Build.0 = Release|x64
		{FAC10189-450D-390C-AEF5-A5BE88B80014}.MinSizeRel|x64.ActiveCfg = MinSizeRel|x64
		{FAC10189-450D-390C-AEF5-A5BE88B80014}.MinSizeRel|x64.Build.0 = MinSizeRel|x64
		{FAC10189-450D-390C-AEF5-A5BE88B80014}.RelWithDebInfo|x64.ActiveCfg = RelWithDebInfo|x64
		{FAC10189-450D-390C-AEF5-A5BE88B80014}.RelWithDebInfo|x64.Build.0 = RelWithDebInfo|x64
		{2358CF27-D76F-39D1-ABEE-CC8866A70F1E}.Debug|x64.ActiveCfg = Debug|x64
		{2358CF27-D76F-39D1-ABEE-CC8866A70F1E}.Debug|x64.Build.0 = Debug|x64
		{2358CF27-D76F-39D1-ABEE-CC8866A70F1E}.Release|x64.ActiveCfg = Release|x64
		{2358CF27-D76F-39D1-ABEE-CC8866A70F1E}.Release|x64.Build.0 = Release|x64
		{2358CF27-D76F-39D1-ABEE-CC8866A70F1E}.MinSizeRel|x64.ActiveCfg = MinSizeRel|x64
		{2358CF27-D76F-39D1-ABEE-CC8866A70F1E}.MinSizeRel|x64.Build.0 = MinSizeRel|x64
		{2358CF27-D76F-39D1-ABEE-CC8866A70F1E}.RelWithDebInfo|x64.ActiveCfg = RelWithDebInfo|x64
		{2358CF27-D76F-39D1-ABEE-CC8866A70F1E}.RelWithDebInfo|x64.Build.0 = RelWithDebInfo|x64
		{134F78DC-9D66-3121-9E9A-692905FD45D5}.Debug|x64.ActiveCfg = Debug|x64
		{134F78DC-9D66-3121-9E9A-692905FD45D5}.Debug|x64.Build.0 = Debug|x64
		{134F78DC-9D66-3121-9E9A-692905FD45D5}.Release|x64.ActiveCfg = Release|x64
		{134F78DC-9D66-3121-9E9A-692905FD45D5}.Release|x64.Build.0 = Release|x64
		{134F78DC-9D66-3121-9E9A-692905FD45D5}.MinSizeRel|x64.ActiveCfg = MinSizeRel|x64
		{134F78DC-9D66-3121-9E9A-692905FD45D5}.MinSizeRel|x64.Build.0 = MinSizeRel|x64
		{134F78DC-9D66-3121-9E9A-692905FD45D5}.RelWithDebInfo|x64.ActiveCfg = RelWithDebInfo|x64
		{134F78DC-9D66-3121-9E9A-692905FD45D5}.RelWithDebInfo|x64.Build.0 = RelWithDebInfo|x64
		{A068EFBA-E5AA-3DCE-80F5-8F720ED40F44}.Debug|x64.ActiveCfg = Debug|x64
		{A068EFBA-E5AA-3DCE-80F5-8F720ED40F44}.Debug|x64.Build.0 = Debug|x64
		{A068EFBA-E5AA-3DCE-80F5-8F720ED40F44}.Release|x64.ActiveCfg = Release|x64
		{A068EFBA-E5AA-3DCE-80F5-8F720ED40F44}.Release|x64.Build.0 = Release|x64
		{A068EFBA-E5AA-3DCE-80F5-8F720ED40F44}.MinSizeRel|x64.ActiveCfg = MinSizeRel|x64
		{A068EFBA-E5AA-3DCE-80F5-8F720ED40F44}.MinSizeRel|x64.Build.0 = MinSizeRel|x64
		{A068EFBA-E5AA-3DCE-80F5-8F720ED40F44}.RelWithDebInfo|x64.ActiveCfg = RelWithDebInfo|x64
		{A068EFBA-E5AA-3DCE-80F5-8F720ED40F44}.RelWithDebInfo|x64.Build.0 = RelWithDebInfo|x64
		{5CF17CA1-B057-3B64-944E-4B9497DB1E7A}.Debug|x64.ActiveCfg = Debug|x64
		{5CF17CA1-B057-3B64-944E-4B9497DB1E7A}.Debug|x64.Build.0 = Debug|x64
		{5CF17CA1-B057-3B64-944E-4B9497DB1E7A}.Release|x64.ActiveCfg = Release|x64
		{5CF17CA1-B057-3B64-944E-4B9497DB1E7A}.Release|x64.Build.0 = Release|x64
		{5CF17CA1-B057-3B64-944E-4B9497DB1E7A}.MinSizeRel|x64.ActiveCfg = MinSizeRel|x64
		{5CF17CA1-B057-3B64-944E-4B9497DB1E7A}.MinSizeRel|x64.Build.0 = MinSizeRel|x64
		{5CF17CA1-B057-3B64-944E-4B9497DB1E7A}.RelWithDebInfo|x64.ActiveCfg = RelWithDebInfo|x64
		{5CF17CA1-B057-3B64-944E-4B9497DB1E7A}.RelWithDebInfo|x64.Build.0 = RelWithDebInfo|x64
		{06DA004E-830A-3855-BB5E-B56B0FCD1F59}.Debug|x64.ActiveCfg = Debug|x64
		{06DA004E-830A-3855-BB5E-B56B0FCD1F59}.Debug|x64.Build.0 = Debug|x64
		{06DA004E-830A-3855-BB5E-B56B0FCD1F59}.Release|x64.ActiveCfg = Release|x64
		{06DA004E-830A-3855-BB5E-B56B0FCD1F59}.Release|x64.Build.0 = Release|x64
		{06DA004E-830A-3855-BB5E-B56B0FCD1F59}.MinSizeRel|x64.ActiveCfg = MinSizeRel|x64
		{06DA004E-830A-3855-BB5E-B56B0FCD1F59}.MinSizeRel|x64.Build.0 = MinSizeRel|x64
		{06DA004E-830A-3855-BB5E-B56B0FCD1F59}.RelWithDebInfo|x64.ActiveCfg = RelWithDebInfo|x64
		{06DA004E-830A-3855-BB5E-B56B0FCD1F59}.RelWithDebInfo|x64.Build.0 = RelWithDebInfo|x64
		{3E4D5640-0588-3209-8049-5C27A1502903}.Debug|x64.ActiveCfg = Debug|x64
		{3E4D5640-0588-3209-8049-5C27A1502903}.Debug|x64.Build.0 = Debug|x64
		{3E4D5640-0588-3209-8049-5C27A1502903}.Release|x64.ActiveCfg = Release|x64
		{3E4D5640-0588-3209-8049-5C27A1502903}.Release|x64.Build.0 = Release|x64
		{3E4D5640-0588-3209-8049-5C27A1502903}.MinSizeRel|x64.ActiveCfg = MinSizeRel|x64
		{3E4D5640-0588-3209-8049-5C27A1502903}.MinSizeRel|x64.Build.0 = MinSizeRel|x64
		{3E4D5640-0588-3209-8049-5C27A1502903}.RelWithDebInfo|x64.ActiveCfg = RelWithDebInfo|x64
		{3E4D5640-0588-3209-8049-5C27A1502903}.RelWithDebInfo|x64.Build.0 = RelWithDebInfo|x64
		{7009C4FB-D6C0-37AE-9220-A0BE479BBA9C}.Debug|x64.ActiveCfg = Debug|x64
		{7009C4FB-D6C0-37AE-9220-A0BE479BBA9C}.Debug|x64.Build.0 = Debug|x64
		{7009C4FB-D6C0-37AE-9220-A0BE479BBA9C}.Release|x64.ActiveCfg = Release|x64
		{7009C4FB-D6C0-37AE-9220-A0BE479BBA9C}.Release|x64.Build.0 = Release|x64
		{7009C4FB-D6C0-37AE-9220-A0BE479BBA9C}.MinSizeRel|x64.ActiveCfg = MinSizeRel|x64
		{7009C4FB-D6C0-37AE-9220-A0BE479BBA9C}.MinSizeRel|x64.Build.0 = MinSizeRel|x64
		{7009C4FB-D6C0-37AE-9220-A0BE479BBA9C}.RelWithDebInfo|x64.ActiveCfg = RelWithDebInfo|x64
		{7009C4FB-D6C0-37AE-9220-A0BE479BBA9C}.RelWithDebInfo|x64.Build.0 = RelWithDebInfo|x64
		{A0708B7A-7F0A-35F3-806E-F82C8DF6FD22}.Debug|x64.ActiveCfg = Debug|x64
		{A0708B7A-7F0A-35F3-806E-F82C8DF6FD22}.Debug|x64.Build.0 = Debug|x64
		{A0708B7A-7F0A-35F3-806E-F82C8DF6FD22}.Release|x64.ActiveCfg = Release|x64
		{A0708B7A-7F0A-35F3-806E-F82C8DF6FD22}.Release|x64.Build.0 = Release|x64
		{A0708B7A-7F0A-35F3-806E-F82C8DF6FD22}.MinSizeRel|x64.ActiveCfg = MinSizeRel|x64
		{A0708B7A-7F0A-35F3-806E-F82C8DF6FD22}.MinSizeRel|x64.Build.0 = MinSizeRel|x64
		{A0708B7A-7F0A-35F3-806E-F82C8DF6FD22}.RelWithDebInfo|x64.ActiveCfg = RelWithDebInfo|x64
		{A0708B7A-7F0A-35F3-806E-F82C8DF6FD22}.RelWithDebInfo|x64.Build.0 = RelWithDebInfo|x64
		{F94B940E-8DC3-315C-9526-C3F938B4316A}.Debug|x64.ActiveCfg = Debug|x64
		{F94B940E-8DC3-315C-9526-C3F938B4316A}.Debug|x64.Build.0 = Debug|x64
		{F94B940E-8DC3-315C-9526-C3F938B4316A}.Release|x64.ActiveCfg = Release|x64
		{F94B940E-8DC3-315C-9526-C3F938B4316A}.Release|x64.Build.0 = Release|x64
		{F94B940E-8DC3-315C-9526-C3F938B4316A}.MinSizeRel|x64.ActiveCfg = MinSizeRel|x64
		{F94B940E-8DC3-315C-9526-C3F938B4316A}.MinSizeRel|x64.Build.0 = MinSizeRel|x64
		{F94B940E-8DC3-315C-9526-C3F938B4316A}.RelWithDebInfo|x64.ActiveCfg = RelWithDebInfo|x64
		{F94B940E-8DC3-315C-9526-C3F938B4316A}.RelWithDebInfo|x64.Build.0 = RelWithDebInfo|x64
		{77DFB550-5D3E-3207-A420-D727206C7968}.Debug|x64.ActiveCfg = Debug|x64
		{77DFB550-5D3E-3207-A420-D727206C7968}.Debug|x64.Build.0 = Debug|x64
		{77DFB550-5D3E-3207-A420-D727206C7968}.Release|x64.ActiveCfg = Release|x64
		{77DFB550-5D3E-3207-A420-D727206C7968}.Release|x64.Build.0 = Release|x64
		{77DFB550-5D3E-3207-A420-D727206C7968}.MinSizeRel|x64.ActiveCfg = MinSizeRel|x64
		{77DFB550-5D3E-3207-A420-D727206C7968}.MinSizeRel|x64.Build.0 = MinSizeRel|x64
		{77DFB550-5D3E-3207-A420-D727206C7968}.RelWithDebInfo|x64.ActiveCfg = RelWithDebInfo|x64
		{77DFB550-5D3E-3207-A420-D727206C7968}.RelWithDebInfo|x64.Build.0 = RelWithDebInfo|x64
		{EDCCC59F-D3DB-39FC-94F7-6945620AC13F}.Debug|x64.ActiveCfg = Debug|x64
		{EDCCC59F-D3DB-39FC-94F7-6945620AC13F}.Debug|x64.Build.0 = Debug|x64
		{EDCCC59F-D3DB-39FC-94F7-6945620AC13F}.Release|x64.ActiveCfg = Release|x64
		{EDCCC59F-D3DB-39FC-94F7-6945620AC13F}.Release|x64.Build.0 = Release|x64
		{EDCCC59F-D3DB-39FC-94F7-6945620AC13F}.MinSizeRel|x64.ActiveCfg = MinSizeRel|x64
		{EDCCC59F-D3DB-39FC-94F7-6945620AC13F}.MinSizeRel|x64.Build.0 = MinSizeRel|x64
		{EDCCC59F-D3DB-39FC-94F7-6945620AC13F}.RelWithDebInfo|x64.ActiveCfg = RelWithDebInfo|x64
		{EDCCC59F-D3DB-39FC-94F7-6945620AC13F}.RelWithDebInfo|x64.Build.0 = RelWithDebInfo|x64
		{FF85DEB9-1A17-36F8-A99E-9712932A6B72}.Debug|x64.ActiveCfg = Debug|x64
		{FF85DEB9-1A17-36F8-A99E-9712932A6B72}.Debug|x64.Build.0 = Debug|x64
		{FF85DEB9-1A17-36F8-A99E-9712932A6B72}.Release|x64.ActiveCfg = Release|x64
		{FF85DEB9-1A17-36F8-A99E-9712932A6B72}.Release|x64.Build.0 = Release|x64
		{FF85DEB9-1A17-36F8-A99E-9712932A6B72}.MinSizeRel|x64.ActiveCfg = MinSizeRel|x64
		{FF85DEB9-1A17-36F8-A99E-9712932A6B72}.MinSizeRel|x64.Build.0 = MinSizeRel|x64
		{FF85DEB9-1A17-36F8-A99E-9712932A6B72}.RelWithDebInfo|x64.ActiveCfg = RelWithDebInfo|x64
		{FF85DEB9-1A17-36F8-A99E-9712932A6B72}.RelWithDebInfo|x64.Build.0 = RelWithDebInfo|x64
		{03CD4D80-5D2B-3D35-9299-6EA58AA8D37E}.Debug|x64.ActiveCfg = Debug|x64
		{03CD4D80-5D2B-3D35-9299-6EA58AA8D37E}.Debug|x64.Build.0 = Debug|x64
		{03CD4D80-5D2B-3D35-9299-6EA58AA8D37E}.Release|x64.ActiveCfg = Release|x64
		{03CD4D80-5D2B-3D35-9299-6EA58AA8D37E}.Release|x64.Build.0 = Release|x64
		{03CD4D80-5D2B-3D35-9299-6EA58AA8D37E}.MinSizeRel|x64.ActiveCfg = MinSizeRel|x64
		{03CD4D80-5D2B-3D35-9299-6EA58AA8D37E}.MinSizeRel|x64.Build.0 = MinSizeRel|x64
		{03CD4D80-5D2B-3D35-9299-6EA58AA8D37E}.RelWithDebInfo|x64.ActiveCfg = RelWithDebInfo|x64
		{03CD4D80-5D2B-3D35-9299-6EA58AA8D37E}.RelWithDebInfo|x64.Build.0 = RelWithDebInfo|x64
		{75984F7B-3CD6-3E0B-8773-26BDAD58F6DE}.Debug|x64.ActiveCfg = Debug|x64
		{75984F7B-3CD6-3E0B-8773-26BDAD58F6DE}.Debug|x64.Build.0 = Debug|x64
		{75984F7B-3CD6-3E0B-8773-26BDAD58F6DE}.Release|x64.ActiveCfg = Release|x64
		{75984F7B-3CD6-3E0B-8773-26BDAD58F6DE}.Release|x64.Build.0 = Release|x64
		{75984F7B-3CD6-3E0B-8773-26BDAD58F6DE}.MinSizeRel|x64.ActiveCfg = MinSizeRel|x64
		{75984F7B-3CD6-3E0B-8773-26BDAD58F6DE}.MinSizeRel|x64.Build.0 = MinSizeRel|x64
		{75984F7B-3CD6-3E0B-8773-26BDAD58F6DE}.RelWithDebInfo|x64.ActiveCfg = RelWithDebInfo|x64
		{75984F7B-3CD6-3E0B-8773-26BDAD58F6DE}.RelWithDebInfo|x64.Build.0 = RelWithDebInfo|x64
		{366FB6A5-5F28-3310-965B-34F05223421D}.Debug|x64.ActiveCfg = Debug|x64
		{366FB6A5-5F28-3310-965B-34F05223421D}.Debug|x64.Build.0 = Debug|x64
		{366FB6A5-5F28-3310-965B-34F05223421D}.Release|x64.ActiveCfg = Release|x64
		{366FB6A5-5F28-3310-965B-34F05223421D}.Release|x64.Build.0 = Release|x64
		{366FB6A5-5F28-3310-965B-34F05223421D}.MinSizeRel|x64.ActiveCfg = MinSizeRel|x64
		{366FB6A5-5F28-3310-965B-34F05223421D}.MinSizeRel|x64.Build.0 = MinSizeRel|x64
		{366FB6A5-5F28-3310-965B-34F05223421D}.RelWithDebInfo|x64.ActiveCfg = RelWithDebInfo|x64
		{366FB6A5-5F28-3310-965B-34F05223421D}.RelWithDebInfo|x64.Build.0 = RelWithDebInfo|x64
		{5E661A05-A887-3479-873D-E59CEA9FE3E5}.Debug|x64.ActiveCfg = Debug|x64
		{5E661A05-A887-3479-873D-E59CEA9FE3E5}.Debug|x64.Build.0 = Debug|x64
		{5E661A05-A887-3479-873D-E59CEA9FE3E5}.Release|x64.ActiveCfg = Release|x64
		{5E661A05-A887-3479-873D-E59CEA9FE3E5}.Release|x64.Build.0 = Release|x64
		{5E661A05-A887-3479-873D-E59CEA9FE3E5}.MinSizeRel|x64.ActiveCfg = MinSizeRel|x64
		{5E661A05-A887-3479-873D-E59CEA9FE3E5}.MinSizeRel|x64.Build.0 = MinSizeRel|x64
		{5E661A05-A887-3479-873D-E59CEA9FE3E5}.RelWithDebInfo|x64.ActiveCfg = RelWithDebInfo|x64
		{5E661A05-A887-3479-873D-E59CEA9FE3E5}.RelWithDebInfo|x64.Build.0 = RelWithDebInfo|x64
		{1C002A0A-AB1C-3A08-BCE1-CD445C1AFFFF}.Debug|x64.ActiveCfg = Debug|x64
		{1C002A0A-AB1C-3A08-BCE1-CD445C1AFFFF}.Debug|x64.Build.0 = Debug|x64
		{1C002A0A-AB1C-3A08-BCE1-CD445C1AFFFF}.Release|x64.ActiveCfg = Release|x64
		{1C002A0A-AB1C-3A08-BCE1-CD445C1AFFFF}.Release|x64.Build.0 = Release|x64
		{1C002A0A-AB1C-3A08-BCE1-CD445C1AFFFF}.MinSizeRel|x64.ActiveCfg = MinSizeRel|x64
		{1C002A0A-AB1C-3A08-BCE1-CD445C1AFFFF}.MinSizeRel|x64.Build.0 = MinSizeRel|x64
		{1C002A0A-AB1C-3A08-BCE1-CD445C1AFFFF}.RelWithDebInfo|x64.ActiveCfg = RelWithDebInfo|x64
		{1C002A0A-AB1C-3A08-BCE1-CD445C1AFFFF}.RelWithDebInfo|x64.Build.0 = RelWithDebInfo|x64
		{2C39DDFD-8310-326C-946C-677E3C174683}.Debug|x64.ActiveCfg = Debug|x64
		{2C39DDFD-8310-326C-946C-677E3C174683}.Debug|x64.Build.0 = Debug|x64
		{2C39DDFD-8310-326C-946C-677E3C174683}.Release|x64.ActiveCfg = Release|x64
		{2C39DDFD-8310-326C-946C-677E3C174683}.Release|x64.Build.0 = Release|x64
		{2C39DDFD-8310-326C-946C-677E3C174683}.MinSizeRel|x64.ActiveCfg = MinSizeRel|x64
		{2C39DDFD-8310-326C-946C-677E3C174683}.MinSizeRel|x64.Build.0 = MinSizeRel|x64
		{2C39DDFD-8310-326C-946C-677E3C174683}.RelWithDebInfo|x64.ActiveCfg = RelWithDebInfo|x64
		{2C39DDFD-8310-326C-946C-677E3C174683}.RelWithDebInfo|x64.Build.0 = RelWithDebInfo|x64
		{337BB160-9B04-337C-BFCF-57CAE828E05B}.Debug|x64.ActiveCfg = Debug|x64
		{337BB160-9B04-337C-BFCF-57CAE828E05B}.Debug|x64.Build.0 = Debug|x64
		{337BB160-9B04-337C-BFCF-57CAE828E05B}.Release|x64.ActiveCfg = Release|x64
		{337BB160-9B04-337C-BFCF-57CAE828E05B}.Release|x64.Build.0 = Release|x64
		{337BB160-9B04-337C-BFCF-57CAE828E05B}.MinSizeRel|x64.ActiveCfg = MinSizeRel|x64
		{337BB160-9B04-337C-BFCF-57CAE828E05B}.MinSizeRel|x64.Build.0 = MinSizeRel|x64
		{337BB160-9B04-337C-BFCF-57CAE828E05B}.RelWithDebInfo|x64.ActiveCfg = RelWithDebInfo|x64
		{337BB160-9B04-337C-BFCF-57CAE828E05B}.RelWithDebInfo|x64.Build.0 = RelWithDebInfo|x64
		{F8EDB817-AA17-3A2E-AD5C-E851A56F6EB0}.Debug|x64.ActiveCfg = Debug|x64
		{F8EDB817-AA17-3A2E-AD5C-E851A56F6EB0}.Debug|x64.Build.0 = Debug|x64
		{F8EDB817-AA17-3A2E-AD5C-E851A56F6EB0}.Release|x64.ActiveCfg = Release|x64
		{F8EDB817-AA17-3A2E-AD5C-E851A56F6EB0}.Release|x64.Build.0 = Release|x64
		{F8EDB817-AA17-3A2E-AD5C-E851A56F6EB0}.MinSizeRel|x64.ActiveCfg = MinSizeRel|x64
		{F8EDB817-AA17-3A2E-AD5C-E851A56F6EB0}.MinSizeRel|x64.Build.0 = MinSizeRel|x64
		{F8EDB817-AA17-3A2E-AD5C-E851A56F6EB0}.RelWithDebInfo|x64.ActiveCfg = RelWithDebInfo|x64
		{F8EDB817-AA17-3A2E-AD5C-E851A56F6EB0}.RelWithDebInfo|x64.Build.0 = RelWithDebInfo|x64
		{DD2F3A9F-2EBF-358D-80E7-CED1E47111BC}.Debug|x64.ActiveCfg = Debug|x64
		{DD2F3A9F-2EBF-358D-80E7-CED1E47111BC}.Debug|x64.Build.0 = Debug|x64
		{DD2F3A9F-2EBF-358D-80E7-CED1E47111BC}.Release|x64.ActiveCfg = Release|x64
		{DD2F3A9F-2EBF-358D-80E7-CED1E47111BC}.Release|x64.Build.0 = Release|x64
		{DD2F3A9F-2EBF-358D-80E7-CED1E47111BC}.MinSizeRel|x64.ActiveCfg = MinSizeRel|x64
		{DD2F3A9F-2EBF-358D-80E7-CED1E47111BC}.MinSizeRel|x64.Build.0 = MinSizeRel|x64
		{DD2F3A9F-2EBF-358D-80E7-CED1E47111BC}.RelWithDebInfo|x64.ActiveCfg = RelWithDebInfo|x64
		{DD2F3A9F-2EBF-358D-80E7-CED1E47111BC}.RelWithDebInfo|x64.Build.0 = RelWithDebInfo|x64
		{E1D14960-5479-3B08-AEF3-1CB7DD5BF7DD}.Debug|x64.ActiveCfg = Debug|x64
		{E1D14960-5479-3B08-AEF3-1CB7DD5BF7DD}.Debug|x64.Build.0 = Debug|x64
		{E1D14960-5479-3B08-AEF3-1CB7DD5BF7DD}.Release|x64.ActiveCfg = Release|x64
		{E1D14960-5479-3B08-AEF3-1CB7DD5BF7DD}.Release|x64.Build.0 = Release|x64
		{E1D14960-5479-3B08-AEF3-1CB7DD5BF7DD}.MinSizeRel|x64.ActiveCfg = MinSizeRel|x64
		{E1D14960-5479-3B08-AEF3-1CB7DD5BF7DD}.MinSizeRel|x64.Build.0 = MinSizeRel|x64
		{E1D14960-5479-3B08-AEF3-1CB7DD5BF7DD}.RelWithDebInfo|x64.ActiveCfg = RelWithDebInfo|x64
		{E1D14960-5479-3B08-AEF3-1CB7DD5BF7DD}.RelWithDebInfo|x64.Build.0 = RelWithDebInfo|x64
		{9C5A8D49-CD28-320B-8492-CCBCEFADE9BA}.Debug|x64.ActiveCfg = Debug|x64
		{9C5A8D49-CD28-320B-8492-CCBCEFADE9BA}.Debug|x64.Build.0 = Debug|x64
		{9C5A8D49-CD28-320B-8492-CCBCEFADE9BA}.Release|x64.ActiveCfg = Release|x64
		{9C5A8D49-CD28-320B-8492-CCBCEFADE9BA}.Release|x64.Build.0 = Release|x64
		{9C5A8D49-CD28-320B-8492-CCBCEFADE9BA}.MinSizeRel|x64.ActiveCfg = MinSizeRel|x64
		{9C5A8D49-CD28-320B-8492-CCBCEFADE9BA}.MinSizeRel|x64.Build.0 = MinSizeRel|x64
		{9C5A8D49-CD28-320B-8492-CCBCEFADE9BA}.RelWithDebInfo|x64.ActiveCfg = RelWithDebInfo|x64
		{9C5A8D49-CD28-320B-8492-CCBCEFADE9BA}.RelWithDebInfo|x64.Build.0 = RelWithDebInfo|x64
		{D299087C-8197-3668-9B1A-329451043623}.Debug|x64.ActiveCfg = Debug|x64
		{D299087C-8197-3668-9B1A-329451043623}.Debug|x64.Build.0 = Debug|x64
		{D299087C-8197-3668-9B1A-329451043623}.Release|x64.ActiveCfg = Release|x64
		{D299087C-8197-3668-9B1A-329451043623}.Release|x64.Build.0 = Release|x64
		{D299087C-8197-3668-9B1A-329451043623}.MinSizeRel|x64.ActiveCfg = MinSizeRel|x64
		{D299087C-8197-3668-9B1A-329451043623}.MinSizeRel|x64.Build.0 = MinSizeRel|x64
		{D299087C-8197-3668-9B1A-329451043623}.RelWithDebInfo|x64.ActiveCfg = RelWithDebInfo|x64
		{D299087C-8197-3668-9B1A-329451043623}.RelWithDebInfo|x64.Build.0 = RelWithDebInfo|x64
		{C435F2EC-757F-3C9E-A2A2-3DDFDA981075}.Debug|x64.ActiveCfg = Debug|x64
		{C435F2EC-757F-3C9E-A2A2-3DDFDA981075}.Debug|x64.Build.0 = Debug|x64
		{C435F2EC-757F-3C9E-A2A2-3DDFDA981075}.Release|x64.ActiveCfg = Release|x64
		{C435F2EC-757F-3C9E-A2A2-3DDFDA981075}.Release|x64.Build.0 = Release|x64
		{C435F2EC-757F-3C9E-A2A2-3DDFDA981075}.MinSizeRel|x64.ActiveCfg = MinSizeRel|x64
		{C435F2EC-757F-3C9E-A2A2-3DDFDA981075}.MinSizeRel|x64.Build.0 = MinSizeRel|x64
		{C435F2EC-757F-3C9E-A2A2-3DDFDA981075}.RelWithDebInfo|x64.ActiveCfg = RelWithDebInfo|x64
		{C435F2EC-757F-3C9E-A2A2-3DDFDA981075}.RelWithDebInfo|x64.Build.0 = RelWithDebInfo|x64
		{2B03F35C-6560-35B8-945A-D8ADA344E05C}.Debug|x64.ActiveCfg = Debug|x64
		{2B03F35C-6560-35B8-945A-D8ADA344E05C}.Debug|x64.Build.0 = Debug|x64
		{2B03F35C-6560-35B8-945A-D8ADA344E05C}.Release|x64.ActiveCfg = Release|x64
		{2B03F35C-6560-35B8-945A-D8ADA344E05C}.Release|x64.Build.0 = Release|x64
		{2B03F35C-6560-35B8-945A-D8ADA344E05C}.MinSizeRel|x64.ActiveCfg = MinSizeRel|x64
		{2B03F35C-6560-35B8-945A-D8ADA344E05C}.MinSizeRel|x64.Build.0 = MinSizeRel|x64
		{2B03F35C-6560-35B8-945A-D8ADA344E05C}.RelWithDebInfo|x64.ActiveCfg = RelWithDebInfo|x64
		{2B03F35C-6560-35B8-945A-D8ADA344E05C}.RelWithDebInfo|x64.Build.0 = RelWithDebInfo|x64
		{852CF480-49B8-3196-B3D1-67E0087912EE}.Debug|x64.ActiveCfg = Debug|x64
		{852CF480-49B8-3196-B3D1-67E0087912EE}.Debug|x64.Build.0 = Debug|x64
		{852CF480-49B8-3196-B3D1-67E0087912EE}.Release|x64.ActiveCfg = Release|x64
		{852CF480-49B8-3196-B3D1-67E0087912EE}.Release|x64.Build.0 = Release|x64
		{852CF480-49B8-3196-B3D1-67E0087912EE}.MinSizeRel|x64.ActiveCfg = MinSizeRel|x64
		{852CF480-49B8-3196-B3D1-67E0087912EE}.MinSizeRel|x64.Build.0 = MinSizeRel|x64
		{852CF480-49B8-3196-B3D1-67E0087912EE}.RelWithDebInfo|x64.ActiveCfg = RelWithDebInfo|x64
		{852CF480-49B8-3196-B3D1-67E0087912EE}.RelWithDebInfo|x64.Build.0 = RelWithDebInfo|x64
	EndGlobalSection
	GlobalSection(ExtensibilityGlobals) = postSolution
		SolutionGuid = {742C21C5-7740-3F27-9E5C-6617F639800A}
	EndGlobalSection
	GlobalSection(ExtensibilityAddIns) = postSolution
	EndGlobalSection
EndGlobal
